
Microsoft Visual Studio Solution File, Format Version 12.00
# Visual Studio 14
VisualStudioVersion = 14.0.24720.0
MinimumVisualStudioVersion = 10.0.40219.1
Project("{FAE04EC0-301F-11D3-BF4B-00C04F79EFBC}") = "BlackMamba.Framework.Core", "src\BlackMamba.Framework.Core\BlackMamba.Framework.Core.csproj", "{ED2825C8-9C61-4CF2-BC55-0E181F2D27E9}"
EndProject
Project("{2150E333-8FDC-42A3-9474-1A3956D46DE8}") = "Cores", "Cores", "{6E99B53D-D508-46D1-B405-018169A13617}"
EndProject
Project("{2150E333-8FDC-42A3-9474-1A3956D46DE8}") = "Infra", "Infra", "{0973F322-0472-4AAB-B563-4F6992878470}"
EndProject
Project("{FAE04EC0-301F-11D3-BF4B-00C04F79EFBC}") = "BlackMamba.Framework.UwpCore", "src\BlackMamba.Framework.UwpCore\BlackMamba.Framework.UwpCore.csproj", "{DEBD1AD3-B24F-4D43-8173-52516F6B3B1D}"
EndProject
Project("{FAE04EC0-301F-11D3-BF4B-00C04F79EFBC}") = "BlackMamba.Framework.Infra", "src\BlackMamba.Framework.Infra\BlackMamba.Framework.Infra.csproj", "{BB6813F6-AC64-4F65-BBE0-7CF5D26D5299}"
EndProject
Project("{FAE04EC0-301F-11D3-BF4B-00C04F79EFBC}") = "BlackMamba.Framework.UwpInfra", "src\BlackMamba.Framework.UwpInfra\BlackMamba.Framework.UwpInfra.csproj", "{6996A5C0-F681-4DC9-9507-DB3507058FB7}"
EndProject
Project("{FAE04EC0-301F-11D3-BF4B-00C04F79EFBC}") = "BlackMamba.Framework.RedisMapper", "src\BlackMamba.Framework.RedisMapper\BlackMamba.Framework.RedisMapper.csproj", "{E3F95DFF-1613-4AA2-B26B-479A7650AAF4}"
EndProject
Project("{FAE04EC0-301F-11D3-BF4B-00C04F79EFBC}") = "CC.GeneralCode.Test", "src\CC.GeneralCode.Test\CC.GeneralCode.Test.csproj", "{30604E10-A403-48AB-8824-472AF2869F5E}"
EndProject
Global
	GlobalSection(SolutionConfigurationPlatforms) = preSolution
		Debug|Any CPU = Debug|Any CPU
		Debug|ARM = Debug|ARM
		Debug|x64 = Debug|x64
		Debug|x86 = Debug|x86
		Live|Any CPU = Live|Any CPU
		Live|ARM = Live|ARM
		Live|x64 = Live|x64
		Live|x86 = Live|x86
		Release|Any CPU = Release|Any CPU
		Release|ARM = Release|ARM
		Release|x64 = Release|x64
		Release|x86 = Release|x86
	EndGlobalSection
	GlobalSection(ProjectConfigurationPlatforms) = postSolution
		{ED2825C8-9C61-4CF2-BC55-0E181F2D27E9}.Debug|Any CPU.ActiveCfg = Debug|Any CPU
		{ED2825C8-9C61-4CF2-BC55-0E181F2D27E9}.Debug|Any CPU.Build.0 = Debug|Any CPU
		{ED2825C8-9C61-4CF2-BC55-0E181F2D27E9}.Debug|ARM.ActiveCfg = Debug|Any CPU
		{ED2825C8-9C61-4CF2-BC55-0E181F2D27E9}.Debug|ARM.Build.0 = Debug|Any CPU
		{ED2825C8-9C61-4CF2-BC55-0E181F2D27E9}.Debug|x64.ActiveCfg = Debug|Any CPU
		{ED2825C8-9C61-4CF2-BC55-0E181F2D27E9}.Debug|x64.Build.0 = Debug|Any CPU
		{ED2825C8-9C61-4CF2-BC55-0E181F2D27E9}.Debug|x86.ActiveCfg = Debug|Any CPU
		{ED2825C8-9C61-4CF2-BC55-0E181F2D27E9}.Debug|x86.Build.0 = Debug|Any CPU
		{ED2825C8-9C61-4CF2-BC55-0E181F2D27E9}.Live|Any CPU.ActiveCfg = Live|Any CPU
		{ED2825C8-9C61-4CF2-BC55-0E181F2D27E9}.Live|Any CPU.Build.0 = Live|Any CPU
		{ED2825C8-9C61-4CF2-BC55-0E181F2D27E9}.Live|ARM.ActiveCfg = Live|Any CPU
		{ED2825C8-9C61-4CF2-BC55-0E181F2D27E9}.Live|ARM.Build.0 = Live|Any CPU
		{ED2825C8-9C61-4CF2-BC55-0E181F2D27E9}.Live|x64.ActiveCfg = Live|Any CPU
		{ED2825C8-9C61-4CF2-BC55-0E181F2D27E9}.Live|x64.Build.0 = Live|Any CPU
		{ED2825C8-9C61-4CF2-BC55-0E181F2D27E9}.Live|x86.ActiveCfg = Live|Any CPU
		{ED2825C8-9C61-4CF2-BC55-0E181F2D27E9}.Live|x86.Build.0 = Live|Any CPU
		{ED2825C8-9C61-4CF2-BC55-0E181F2D27E9}.Release|Any CPU.ActiveCfg = Release|Any CPU
		{ED2825C8-9C61-4CF2-BC55-0E181F2D27E9}.Release|Any CPU.Build.0 = Release|Any CPU
		{ED2825C8-9C61-4CF2-BC55-0E181F2D27E9}.Release|ARM.ActiveCfg = Release|Any CPU
		{ED2825C8-9C61-4CF2-BC55-0E181F2D27E9}.Release|ARM.Build.0 = Release|Any CPU
		{ED2825C8-9C61-4CF2-BC55-0E181F2D27E9}.Release|x64.ActiveCfg = Release|Any CPU
		{ED2825C8-9C61-4CF2-BC55-0E181F2D27E9}.Release|x64.Build.0 = Release|Any CPU
		{ED2825C8-9C61-4CF2-BC55-0E181F2D27E9}.Release|x86.ActiveCfg = Release|Any CPU
		{ED2825C8-9C61-4CF2-BC55-0E181F2D27E9}.Release|x86.Build.0 = Release|Any CPU
		{DEBD1AD3-B24F-4D43-8173-52516F6B3B1D}.Debug|Any CPU.ActiveCfg = Debug|Any CPU
		{DEBD1AD3-B24F-4D43-8173-52516F6B3B1D}.Debug|Any CPU.Build.0 = Debug|Any CPU
		{DEBD1AD3-B24F-4D43-8173-52516F6B3B1D}.Debug|ARM.ActiveCfg = Debug|ARM
		{DEBD1AD3-B24F-4D43-8173-52516F6B3B1D}.Debug|ARM.Build.0 = Debug|ARM
		{DEBD1AD3-B24F-4D43-8173-52516F6B3B1D}.Debug|x64.ActiveCfg = Debug|x64
		{DEBD1AD3-B24F-4D43-8173-52516F6B3B1D}.Debug|x64.Build.0 = Debug|x64
		{DEBD1AD3-B24F-4D43-8173-52516F6B3B1D}.Debug|x86.ActiveCfg = Debug|x86
		{DEBD1AD3-B24F-4D43-8173-52516F6B3B1D}.Debug|x86.Build.0 = Debug|x86
		{DEBD1AD3-B24F-4D43-8173-52516F6B3B1D}.Live|Any CPU.ActiveCfg = Release|Any CPU
		{DEBD1AD3-B24F-4D43-8173-52516F6B3B1D}.Live|Any CPU.Build.0 = Release|Any CPU
		{DEBD1AD3-B24F-4D43-8173-52516F6B3B1D}.Live|ARM.ActiveCfg = Release|ARM
		{DEBD1AD3-B24F-4D43-8173-52516F6B3B1D}.Live|ARM.Build.0 = Release|ARM
		{DEBD1AD3-B24F-4D43-8173-52516F6B3B1D}.Live|x64.ActiveCfg = Release|x64
		{DEBD1AD3-B24F-4D43-8173-52516F6B3B1D}.Live|x64.Build.0 = Release|x64
		{DEBD1AD3-B24F-4D43-8173-52516F6B3B1D}.Live|x86.ActiveCfg = Release|x86
		{DEBD1AD3-B24F-4D43-8173-52516F6B3B1D}.Live|x86.Build.0 = Release|x86
		{DEBD1AD3-B24F-4D43-8173-52516F6B3B1D}.Release|Any CPU.ActiveCfg = Release|Any CPU
		{DEBD1AD3-B24F-4D43-8173-52516F6B3B1D}.Release|Any CPU.Build.0 = Release|Any CPU
		{DEBD1AD3-B24F-4D43-8173-52516F6B3B1D}.Release|ARM.ActiveCfg = Release|ARM
		{DEBD1AD3-B24F-4D43-8173-52516F6B3B1D}.Release|ARM.Build.0 = Release|ARM
		{DEBD1AD3-B24F-4D43-8173-52516F6B3B1D}.Release|x64.ActiveCfg = Release|x64
		{DEBD1AD3-B24F-4D43-8173-52516F6B3B1D}.Release|x64.Build.0 = Release|x64
		{DEBD1AD3-B24F-4D43-8173-52516F6B3B1D}.Release|x86.ActiveCfg = Release|x86
		{DEBD1AD3-B24F-4D43-8173-52516F6B3B1D}.Release|x86.Build.0 = Release|x86
		{BB6813F6-AC64-4F65-BBE0-7CF5D26D5299}.Debug|Any CPU.ActiveCfg = Debug|Any CPU
		{BB6813F6-AC64-4F65-BBE0-7CF5D26D5299}.Debug|Any CPU.Build.0 = Debug|Any CPU
		{BB6813F6-AC64-4F65-BBE0-7CF5D26D5299}.Debug|ARM.ActiveCfg = Debug|Any CPU
		{BB6813F6-AC64-4F65-BBE0-7CF5D26D5299}.Debug|ARM.Build.0 = Debug|Any CPU
		{BB6813F6-AC64-4F65-BBE0-7CF5D26D5299}.Debug|x64.ActiveCfg = Debug|Any CPU
		{BB6813F6-AC64-4F65-BBE0-7CF5D26D5299}.Debug|x64.Build.0 = Debug|Any CPU
		{BB6813F6-AC64-4F65-BBE0-7CF5D26D5299}.Debug|x86.ActiveCfg = Debug|Any CPU
		{BB6813F6-AC64-4F65-BBE0-7CF5D26D5299}.Debug|x86.Build.0 = Debug|Any CPU
		{BB6813F6-AC64-4F65-BBE0-7CF5D26D5299}.Live|Any CPU.ActiveCfg = Release|Any CPU
		{BB6813F6-AC64-4F65-BBE0-7CF5D26D5299}.Live|Any CPU.Build.0 = Release|Any CPU
		{BB6813F6-AC64-4F65-BBE0-7CF5D26D5299}.Live|ARM.ActiveCfg = Release|Any CPU
		{BB6813F6-AC64-4F65-BBE0-7CF5D26D5299}.Live|ARM.Build.0 = Release|Any CPU
		{BB6813F6-AC64-4F65-BBE0-7CF5D26D5299}.Live|x64.ActiveCfg = Release|Any CPU
		{BB6813F6-AC64-4F65-BBE0-7CF5D26D5299}.Live|x64.Build.0 = Release|Any CPU
		{BB6813F6-AC64-4F65-BBE0-7CF5D26D5299}.Live|x86.ActiveCfg = Release|Any CPU
		{BB6813F6-AC64-4F65-BBE0-7CF5D26D5299}.Live|x86.Build.0 = Release|Any CPU
		{BB6813F6-AC64-4F65-BBE0-7CF5D26D5299}.Release|Any CPU.ActiveCfg = Release|Any CPU
		{BB6813F6-AC64-4F65-BBE0-7CF5D26D5299}.Release|Any CPU.Build.0 = Release|Any CPU
		{BB6813F6-AC64-4F65-BBE0-7CF5D26D5299}.Release|ARM.ActiveCfg = Release|Any CPU
		{BB6813F6-AC64-4F65-BBE0-7CF5D26D5299}.Release|ARM.Build.0 = Release|Any CPU
		{BB6813F6-AC64-4F65-BBE0-7CF5D26D5299}.Release|x64.ActiveCfg = Release|Any CPU
		{BB6813F6-AC64-4F65-BBE0-7CF5D26D5299}.Release|x64.Build.0 = Release|Any CPU
		{BB6813F6-AC64-4F65-BBE0-7CF5D26D5299}.Release|x86.ActiveCfg = Release|Any CPU
		{BB6813F6-AC64-4F65-BBE0-7CF5D26D5299}.Release|x86.Build.0 = Release|Any CPU
		{6996A5C0-F681-4DC9-9507-DB3507058FB7}.Debug|Any CPU.ActiveCfg = Debug|Any CPU
		{6996A5C0-F681-4DC9-9507-DB3507058FB7}.Debug|Any CPU.Build.0 = Debug|Any CPU
		{6996A5C0-F681-4DC9-9507-DB3507058FB7}.Debug|ARM.ActiveCfg = Debug|ARM
		{6996A5C0-F681-4DC9-9507-DB3507058FB7}.Debug|ARM.Build.0 = Debug|ARM
		{6996A5C0-F681-4DC9-9507-DB3507058FB7}.Debug|x64.ActiveCfg = Debug|x64
		{6996A5C0-F681-4DC9-9507-DB3507058FB7}.Debug|x64.Build.0 = Debug|x64
		{6996A5C0-F681-4DC9-9507-DB3507058FB7}.Debug|x86.ActiveCfg = Debug|x86
		{6996A5C0-F681-4DC9-9507-DB3507058FB7}.Debug|x86.Build.0 = Debug|x86
		{6996A5C0-F681-4DC9-9507-DB3507058FB7}.Live|Any CPU.ActiveCfg = Release|Any CPU
		{6996A5C0-F681-4DC9-9507-DB3507058FB7}.Live|Any CPU.Build.0 = Release|Any CPU
		{6996A5C0-F681-4DC9-9507-DB3507058FB7}.Live|ARM.ActiveCfg = Release|ARM
		{6996A5C0-F681-4DC9-9507-DB3507058FB7}.Live|ARM.Build.0 = Release|ARM
		{6996A5C0-F681-4DC9-9507-DB3507058FB7}.Live|x64.ActiveCfg = Release|x64
		{6996A5C0-F681-4DC9-9507-DB3507058FB7}.Live|x64.Build.0 = Release|x64
		{6996A5C0-F681-4DC9-9507-DB3507058FB7}.Live|x86.ActiveCfg = Release|x86
		{6996A5C0-F681-4DC9-9507-DB3507058FB7}.Live|x86.Build.0 = Release|x86
		{6996A5C0-F681-4DC9-9507-DB3507058FB7}.Release|Any CPU.ActiveCfg = Release|Any CPU
		{6996A5C0-F681-4DC9-9507-DB3507058FB7}.Release|Any CPU.Build.0 = Release|Any CPU
		{6996A5C0-F681-4DC9-9507-DB3507058FB7}.Release|ARM.ActiveCfg = Release|ARM
		{6996A5C0-F681-4DC9-9507-DB3507058FB7}.Release|ARM.Build.0 = Release|ARM
		{6996A5C0-F681-4DC9-9507-DB3507058FB7}.Release|x64.ActiveCfg = Release|x64
		{6996A5C0-F681-4DC9-9507-DB3507058FB7}.Release|x64.Build.0 = Release|x64
		{6996A5C0-F681-4DC9-9507-DB3507058FB7}.Release|x86.ActiveCfg = Release|x86
		{6996A5C0-F681-4DC9-9507-DB3507058FB7}.Release|x86.Build.0 = Release|x86
		{E3F95DFF-1613-4AA2-B26B-479A7650AAF4}.Debug|Any CPU.ActiveCfg = Debug|Any CPU
		{E3F95DFF-1613-4AA2-B26B-479A7650AAF4}.Debug|Any CPU.Build.0 = Debug|Any CPU
		{E3F95DFF-1613-4AA2-B26B-479A7650AAF4}.Debug|ARM.ActiveCfg = Debug|Any CPU
		{E3F95DFF-1613-4AA2-B26B-479A7650AAF4}.Debug|ARM.Build.0 = Debug|Any CPU
		{E3F95DFF-1613-4AA2-B26B-479A7650AAF4}.Debug|x64.ActiveCfg = Debug|Any CPU
		{E3F95DFF-1613-4AA2-B26B-479A7650AAF4}.Debug|x64.Build.0 = Debug|Any CPU
		{E3F95DFF-1613-4AA2-B26B-479A7650AAF4}.Debug|x86.ActiveCfg = Debug|Any CPU
		{E3F95DFF-1613-4AA2-B26B-479A7650AAF4}.Debug|x86.Build.0 = Debug|Any CPU
		{E3F95DFF-1613-4AA2-B26B-479A7650AAF4}.Live|Any CPU.ActiveCfg = Live|Any CPU
		{E3F95DFF-1613-4AA2-B26B-479A7650AAF4}.Live|Any CPU.Build.0 = Live|Any CPU
		{E3F95DFF-1613-4AA2-B26B-479A7650AAF4}.Live|ARM.ActiveCfg = Live|Any CPU
		{E3F95DFF-1613-4AA2-B26B-479A7650AAF4}.Live|ARM.Build.0 = Live|Any CPU
		{E3F95DFF-1613-4AA2-B26B-479A7650AAF4}.Live|x64.ActiveCfg = Live|Any CPU
		{E3F95DFF-1613-4AA2-B26B-479A7650AAF4}.Live|x64.Build.0 = Live|Any CPU
		{E3F95DFF-1613-4AA2-B26B-479A7650AAF4}.Live|x86.ActiveCfg = Live|Any CPU
		{E3F95DFF-1613-4AA2-B26B-479A7650AAF4}.Live|x86.Build.0 = Live|Any CPU
		{E3F95DFF-1613-4AA2-B26B-479A7650AAF4}.Release|Any CPU.ActiveCfg = Release|Any CPU
		{E3F95DFF-1613-4AA2-B26B-479A7650AAF4}.Release|Any CPU.Build.0 = Release|Any CPU
		{E3F95DFF-1613-4AA2-B26B-479A7650AAF4}.Release|ARM.ActiveCfg = Release|Any CPU
		{E3F95DFF-1613-4AA2-B26B-479A7650AAF4}.Release|ARM.Build.0 = Release|Any CPU
		{E3F95DFF-1613-4AA2-B26B-479A7650AAF4}.Release|x64.ActiveCfg = Release|Any CPU
		{E3F95DFF-1613-4AA2-B26B-479A7650AAF4}.Release|x64.Build.0 = Release|Any CPU
		{E3F95DFF-1613-4AA2-B26B-479A7650AAF4}.Release|x86.ActiveCfg = Release|Any CPU
		{E3F95DFF-1613-4AA2-B26B-479A7650AAF4}.Release|x86.Build.0 = Release|Any CPU
		{30604E10-A403-48AB-8824-472AF2869F5E}.Debug|Any CPU.ActiveCfg = Debug|Any CPU
		{30604E10-A403-48AB-8824-472AF2869F5E}.Debug|Any CPU.Build.0 = Debug|Any CPU
		{30604E10-A403-48AB-8824-472AF2869F5E}.Debug|ARM.ActiveCfg = Debug|Any CPU
		{30604E10-A403-48AB-8824-472AF2869F5E}.Debug|ARM.Build.0 = Debug|Any CPU
		{30604E10-A403-48AB-8824-472AF2869F5E}.Debug|x64.ActiveCfg = Debug|Any CPU
		{30604E10-A403-48AB-8824-472AF2869F5E}.Debug|x64.Build.0 = Debug|Any CPU
		{30604E10-A403-48AB-8824-472AF2869F5E}.Debug|x86.ActiveCfg = Debug|Any CPU
		{30604E10-A403-48AB-8824-472AF2869F5E}.Debug|x86.Build.0 = Debug|Any CPU
		{30604E10-A403-48AB-8824-472AF2869F5E}.Live|Any CPU.ActiveCfg = Release|Any CPU
		{30604E10-A403-48AB-8824-472AF2869F5E}.Live|Any CPU.Build.0 = Release|Any CPU
		{30604E10-A403-48AB-8824-472AF2869F5E}.Live|ARM.ActiveCfg = Release|Any CPU
		{30604E10-A403-48AB-8824-472AF2869F5E}.Live|ARM.Build.0 = Release|Any CPU
		{30604E10-A403-48AB-8824-472AF2869F5E}.Live|x64.ActiveCfg = Release|Any CPU
		{30604E10-A403-48AB-8824-472AF2869F5E}.Live|x64.Build.0 = Release|Any CPU
		{30604E10-A403-48AB-8824-472AF2869F5E}.Live|x86.ActiveCfg = Release|Any CPU
		{30604E10-A403-48AB-8824-472AF2869F5E}.Live|x86.Build.0 = Release|Any CPU
		{30604E10-A403-48AB-8824-472AF2869F5E}.Release|Any CPU.ActiveCfg = Release|Any CPU
		{30604E10-A403-48AB-8824-472AF2869F5E}.Release|Any CPU.Build.0 = Release|Any CPU
		{30604E10-A403-48AB-8824-472AF2869F5E}.Release|ARM.ActiveCfg = Release|Any CPU
		{30604E10-A403-48AB-8824-472AF2869F5E}.Release|ARM.Build.0 = Release|Any CPU
		{30604E10-A403-48AB-8824-472AF2869F5E}.Release|x64.ActiveCfg = Release|Any CPU
		{30604E10-A403-48AB-8824-472AF2869F5E}.Release|x64.Build.0 = Release|Any CPU
		{30604E10-A403-48AB-8824-472AF2869F5E}.Release|x86.ActiveCfg = Release|Any CPU
		{30604E10-A403-48AB-8824-472AF2869F5E}.Release|x86.Build.0 = Release|Any CPU
	EndGlobalSection
	GlobalSection(SolutionProperties) = preSolution
		HideSolutionNode = FALSE
	EndGlobalSection
	GlobalSection(NestedProjects) = preSolution
		{ED2825C8-9C61-4CF2-BC55-0E181F2D27E9} = {6E99B53D-D508-46D1-B405-018169A13617}
		{DEBD1AD3-B24F-4D43-8173-52516F6B3B1D} = {6E99B53D-D508-46D1-B405-018169A13617}
		{BB6813F6-AC64-4F65-BBE0-7CF5D26D5299} = {0973F322-0472-4AAB-B563-4F6992878470}
		{6996A5C0-F681-4DC9-9507-DB3507058FB7} = {0973F322-0472-4AAB-B563-4F6992878470}
		{E3F95DFF-1613-4AA2-B26B-479A7650AAF4} = {0973F322-0472-4AAB-B563-4F6992878470}
	EndGlobalSection
EndGlobal
